
Microsoft Visual Studio Solution File, Format Version 12.00
# Visual Studio Version 17
VisualStudioVersion = 17.13.35818.85 d17.13
MinimumVisualStudioVersion = 10.0.40219.1
Project("{FAE04EC0-301F-11D3-BF4B-00C04F79EFBC}") = "DirectoryScanner.Core", "DirectoryScanner.Core\DirectoryScanner.Core.csproj", "{02C94A96-8C8E-463D-B1D7-301626585C98}"
EndProject
Project("{FAE04EC0-301F-11D3-BF4B-00C04F79EFBC}") = "DirectoryScanner.WPF", "DirectoryScanner.WPF\DirectoryScanner.WPF.csproj", "{4F8F9C92-3F84-4484-88E1-ABE22FBE1512}"
EndProject
Project("{FAE04EC0-301F-11D3-BF4B-00C04F79EFBC}") = "DirectoryScanner.Tests", "DirectoryScanner.Tests\DirectoryScanner.Tests.csproj", "{4EE8FE28-8FB8-47C7-B434-AA5F97D08AE6}"
EndProject
Global
	GlobalSection(SolutionConfigurationPlatforms) = preSolution
		Debug|Any CPU = Debug|Any CPU
		Release|Any CPU = Release|Any CPU
	EndGlobalSection
	GlobalSection(ProjectConfigurationPlatforms) = postSolution
		{02C94A96-8C8E-463D-B1D7-301626585C98}.Debug|Any CPU.ActiveCfg = Debug|Any CPU
		{02C94A96-8C8E-463D-B1D7-301626585C98}.Debug|Any CPU.Build.0 = Debug|Any CPU
		{02C94A96-8C8E-463D-B1D7-301626585C98}.Release|Any CPU.ActiveCfg = Release|Any CPU
		{02C94A96-8C8E-463D-B1D7-301626585C98}.Release|Any CPU.Build.0 = Release|Any CPU
		{4F8F9C92-3F84-4484-88E1-ABE22FBE1512}.Debug|Any CPU.ActiveCfg = Debug|Any CPU
		{4F8F9C92-3F84-4484-88E1-ABE22FBE1512}.Debug|Any CPU.Build.0 = Debug|Any CPU
		{4F8F9C92-3F84-4484-88E1-ABE22FBE1512}.Release|Any CPU.ActiveCfg = Release|Any CPU
		{4F8F9C92-3F84-4484-88E1-ABE22FBE1512}.Release|Any CPU.Build.0 = Release|Any CPU
		{4EE8FE28-8FB8-47C7-B434-AA5F97D08AE6}.Debug|Any CPU.ActiveCfg = Debug|Any CPU
		{4EE8FE28-8FB8-47C7-B434-AA5F97D08AE6}.Debug|Any CPU.Build.0 = Debug|Any CPU
		{4EE8FE28-8FB8-47C7-B434-AA5F97D08AE6}.Release|Any CPU.ActiveCfg = Release|Any CPU
		{4EE8FE28-8FB8-47C7-B434-AA5F97D08AE6}.Release|Any CPU.Build.0 = Release|Any CPU
	EndGlobalSection
	GlobalSection(SolutionProperties) = preSolution
		HideSolutionNode = FALSE
	EndGlobalSection
	GlobalSection(ExtensibilityGlobals) = postSolution
		SolutionGuid = {0C6166F6-619A-484A-9020-2E2B8998C905}
	EndGlobalSection
EndGlobal
