
Microsoft Visual Studio Solution File, Format Version 12.00
# Visual Studio Version 17
VisualStudioVersion = 17.13.35818.85
MinimumVisualStudioVersion = 10.0.40219.1
Project("{FAE04EC0-301F-11D3-BF4B-00C04F79EFBC}") = "Tracer.Serialization.Json", "Tracer.Serialization.Json\Tracer.Serialization.Json.csproj", "{36EA4C1E-11AC-412E-AF76-DB42C83E19B8}"
EndProject
Project("{FAE04EC0-301F-11D3-BF4B-00C04F79EFBC}") = "Tracer.Serialization.Xml", "Tracer.Serialization.Xml\Tracer.Serialization.Xml.csproj", "{9EFFC4B4-F37D-46CB-9512-252C677F7392}"
EndProject
Project("{FAE04EC0-301F-11D3-BF4B-00C04F79EFBC}") = "Tracer.Serialization.Yaml", "Tracer.Serialization.Yaml\Tracer.Serialization.Yaml.csproj", "{6EE810DB-6135-40BD-BB99-2144123CAE6F}"
EndProject
Project("{FAE04EC0-301F-11D3-BF4B-00C04F79EFBC}") = "Tracer.Serialization.Abstractions", "..\Tracer\Tracer.Serialization.Abstractions\Tracer.Serialization.Abstractions.csproj", "{E53953AF-4B25-6694-D47B-10DD686D5E33}"
EndProject
Global
	GlobalSection(SolutionConfigurationPlatforms) = preSolution
		Debug|Any CPU = Debug|Any CPU
		Release|Any CPU = Release|Any CPU
	EndGlobalSection
	GlobalSection(ProjectConfigurationPlatforms) = postSolution
		{36EA4C1E-11AC-412E-AF76-DB42C83E19B8}.Debug|Any CPU.ActiveCfg = Debug|Any CPU
		{36EA4C1E-11AC-412E-AF76-DB42C83E19B8}.Debug|Any CPU.Build.0 = Debug|Any CPU
		{36EA4C1E-11AC-412E-AF76-DB42C83E19B8}.Release|Any CPU.ActiveCfg = Release|Any CPU
		{36EA4C1E-11AC-412E-AF76-DB42C83E19B8}.Release|Any CPU.Build.0 = Release|Any CPU
		{9EFFC4B4-F37D-46CB-9512-252C677F7392}.Debug|Any CPU.ActiveCfg = Debug|Any CPU
		{9EFFC4B4-F37D-46CB-9512-252C677F7392}.Debug|Any CPU.Build.0 = Debug|Any CPU
		{9EFFC4B4-F37D-46CB-9512-252C677F7392}.Release|Any CPU.ActiveCfg = Release|Any CPU
		{9EFFC4B4-F37D-46CB-9512-252C677F7392}.Release|Any CPU.Build.0 = Release|Any CPU
		{6EE810DB-6135-40BD-BB99-2144123CAE6F}.Debug|Any CPU.ActiveCfg = Debug|Any CPU
		{6EE810DB-6135-40BD-BB99-2144123CAE6F}.Debug|Any CPU.Build.0 = Debug|Any CPU
		{6EE810DB-6135-40BD-BB99-2144123CAE6F}.Release|Any CPU.ActiveCfg = Release|Any CPU
		{6EE810DB-6135-40BD-BB99-2144123CAE6F}.Release|Any CPU.Build.0 = Release|Any CPU
		{E53953AF-4B25-6694-D47B-10DD686D5E33}.Debug|Any CPU.ActiveCfg = Debug|Any CPU
		{E53953AF-4B25-6694-D47B-10DD686D5E33}.Debug|Any CPU.Build.0 = Debug|Any CPU
		{E53953AF-4B25-6694-D47B-10DD686D5E33}.Release|Any CPU.ActiveCfg = Release|Any CPU
		{E53953AF-4B25-6694-D47B-10DD686D5E33}.Release|Any CPU.Build.0 = Release|Any CPU
	EndGlobalSection
	GlobalSection(SolutionProperties) = preSolution
		HideSolutionNode = FALSE
	EndGlobalSection
	GlobalSection(ExtensibilityGlobals) = postSolution
		SolutionGuid = {24023DD5-312D-4FBA-A5E2-C93E826919DE}
	EndGlobalSection
EndGlobal
