
Microsoft Visual Studio Solution File, Format Version 12.00
# Visual Studio Version 17
VisualStudioVersion = 17.13.35818.85
MinimumVisualStudioVersion = 10.0.40219.1
Project("{FAE04EC0-301F-11D3-BF4B-00C04F79EFBC}") = "TestGenerator.Core", "TestGenerator.Core\TestGenerator.Core.csproj", "{1EA6B2F5-FBB3-4152-9ABD-2F54C264C11D}"
EndProject
Project("{FAE04EC0-301F-11D3-BF4B-00C04F79EFBC}") = "TestGenerator.ConsoleApp", "TestGenerator.ConsoleApp\TestGenerator.ConsoleApp.csproj", "{83BE4695-DC79-4469-B008-097F644E6C7C}"
EndProject
Project("{FAE04EC0-301F-11D3-BF4B-00C04F79EFBC}") = "TestGenerator.Tests", "TestGenerator.Tests\TestGenerator.Tests.csproj", "{FD8CCBD4-8EA2-4D7C-8320-D10D84AD0647}"
EndProject
Project("{FAE04EC0-301F-11D3-BF4B-00C04F79EFBC}") = "MyProject.Tests", "MyProject.Tests\MyProject.Tests.csproj", "{5644AD8F-5A3C-4D6A-BD90-86DA3C4822BC}"
EndProject
Global
	GlobalSection(SolutionConfigurationPlatforms) = preSolution
		Debug|Any CPU = Debug|Any CPU
		Release|Any CPU = Release|Any CPU
	EndGlobalSection
	GlobalSection(ProjectConfigurationPlatforms) = postSolution
		{1EA6B2F5-FBB3-4152-9ABD-2F54C264C11D}.Debug|Any CPU.ActiveCfg = Debug|Any CPU
		{1EA6B2F5-FBB3-4152-9ABD-2F54C264C11D}.Debug|Any CPU.Build.0 = Debug|Any CPU
		{1EA6B2F5-FBB3-4152-9ABD-2F54C264C11D}.Release|Any CPU.ActiveCfg = Release|Any CPU
		{1EA6B2F5-FBB3-4152-9ABD-2F54C264C11D}.Release|Any CPU.Build.0 = Release|Any CPU
		{83BE4695-DC79-4469-B008-097F644E6C7C}.Debug|Any CPU.ActiveCfg = Debug|Any CPU
		{83BE4695-DC79-4469-B008-097F644E6C7C}.Debug|Any CPU.Build.0 = Debug|Any CPU
		{83BE4695-DC79-4469-B008-097F644E6C7C}.Release|Any CPU.ActiveCfg = Release|Any CPU
		{83BE4695-DC79-4469-B008-097F644E6C7C}.Release|Any CPU.Build.0 = Release|Any CPU
		{FD8CCBD4-8EA2-4D7C-8320-D10D84AD0647}.Debug|Any CPU.ActiveCfg = Debug|Any CPU
		{FD8CCBD4-8EA2-4D7C-8320-D10D84AD0647}.Debug|Any CPU.Build.0 = Debug|Any CPU
		{FD8CCBD4-8EA2-4D7C-8320-D10D84AD0647}.Release|Any CPU.ActiveCfg = Release|Any CPU
		{FD8CCBD4-8EA2-4D7C-8320-D10D84AD0647}.Release|Any CPU.Build.0 = Release|Any CPU
		{5644AD8F-5A3C-4D6A-BD90-86DA3C4822BC}.Debug|Any CPU.ActiveCfg = Debug|Any CPU
		{5644AD8F-5A3C-4D6A-BD90-86DA3C4822BC}.Debug|Any CPU.Build.0 = Debug|Any CPU
		{5644AD8F-5A3C-4D6A-BD90-86DA3C4822BC}.Release|Any CPU.ActiveCfg = Release|Any CPU
		{5644AD8F-5A3C-4D6A-BD90-86DA3C4822BC}.Release|Any CPU.Build.0 = Release|Any CPU
	EndGlobalSection
	GlobalSection(SolutionProperties) = preSolution
		HideSolutionNode = FALSE
	EndGlobalSection
	GlobalSection(ExtensibilityGlobals) = postSolution
		SolutionGuid = {C6519BAE-3E4E-4163-9237-DD4F10D57C63}
	EndGlobalSection
EndGlobal
